
Microsoft Visual Studio Solution File, Format Version 12.00
# Visual Studio Version 18
VisualStudioVersion = 18.5.11716.220 stable
MinimumVisualStudioVersion = 10.0.40219.1
Project("{FAE04EC0-301F-11D3-BF4B-00C04F79EFBC}") = "NativeAdapter", "NativeAdapter\NativeAdapter.csproj", "{580B8CDB-1648-4C26-BC14-38A86C53DFF2}"
EndProject
Project("{FAE04EC0-301F-11D3-BF4B-00C04F79EFBC}") = "Chanlun.API", "Chanlun.API\Chanlun.API.csproj", "{1513F415-9DD0-4E98-BA5A-3D7A062A2CFE}"
EndProject
Project("{FAE04EC0-301F-11D3-BF4B-00C04F79EFBC}") = "Chanlun.Lib", "Chanlun.Lib\Chanlun.Lib.csproj", "{CC3E3C72-A7EA-427B-B908-8FD239C395AB}"
EndProject
Global
	GlobalSection(SolutionConfigurationPlatforms) = preSolution
		Debug|Any CPU = Debug|Any CPU
		Debug|x64 = Debug|x64
		Release|Any CPU = Release|Any CPU
		Release|x64 = Release|x64
	EndGlobalSection
	GlobalSection(ProjectConfigurationPlatforms) = postSolution
		{580B8CDB-1648-4C26-BC14-38A86C53DFF2}.Debug|Any CPU.ActiveCfg = Debug|x64
		{580B8CDB-1648-4C26-BC14-38A86C53DFF2}.Debug|Any CPU.Build.0 = Debug|x64
		{580B8CDB-1648-4C26-BC14-38A86C53DFF2}.Debug|x64.ActiveCfg = Debug|x64
		{580B8CDB-1648-4C26-BC14-38A86C53DFF2}.Debug|x64.Build.0 = Debug|x64
		{580B8CDB-1648-4C26-BC14-38A86C53DFF2}.Release|Any CPU.ActiveCfg = Release|Any CPU
		{580B8CDB-1648-4C26-BC14-38A86C53DFF2}.Release|Any CPU.Build.0 = Release|Any CPU
		{580B8CDB-1648-4C26-BC14-38A86C53DFF2}.Release|x64.ActiveCfg = Release|x64
		{580B8CDB-1648-4C26-BC14-38A86C53DFF2}.Release|x64.Build.0 = Release|x64
		{1513F415-9DD0-4E98-BA5A-3D7A062A2CFE}.Debug|Any CPU.ActiveCfg = Debug|Any CPU
		{1513F415-9DD0-4E98-BA5A-3D7A062A2CFE}.Debug|Any CPU.Build.0 = Debug|Any CPU
		{1513F415-9DD0-4E98-BA5A-3D7A062A2CFE}.Debug|x64.ActiveCfg = Debug|x64
		{1513F415-9DD0-4E98-BA5A-3D7A062A2CFE}.Debug|x64.Build.0 = Debug|x64
		{1513F415-9DD0-4E98-BA5A-3D7A062A2CFE}.Release|Any CPU.ActiveCfg = Release|Any CPU
		{1513F415-9DD0-4E98-BA5A-3D7A062A2CFE}.Release|Any CPU.Build.0 = Release|Any CPU
		{1513F415-9DD0-4E98-BA5A-3D7A062A2CFE}.Release|x64.ActiveCfg = Release|x64
		{1513F415-9DD0-4E98-BA5A-3D7A062A2CFE}.Release|x64.Build.0 = Release|x64
		{CC3E3C72-A7EA-427B-B908-8FD239C395AB}.Debug|Any CPU.ActiveCfg = Debug|Any CPU
		{CC3E3C72-A7EA-427B-B908-8FD239C395AB}.Debug|Any CPU.Build.0 = Debug|Any CPU
		{CC3E3C72-A7EA-427B-B908-8FD239C395AB}.Debug|x64.ActiveCfg = Debug|Any CPU
		{CC3E3C72-A7EA-427B-B908-8FD239C395AB}.Debug|x64.Build.0 = Debug|Any CPU
		{CC3E3C72-A7EA-427B-B908-8FD239C395AB}.Release|Any CPU.ActiveCfg = Release|Any CPU
		{CC3E3C72-A7EA-427B-B908-8FD239C395AB}.Release|Any CPU.Build.0 = Release|Any CPU
		{CC3E3C72-A7EA-427B-B908-8FD239C395AB}.Release|x64.ActiveCfg = Release|Any CPU
		{CC3E3C72-A7EA-427B-B908-8FD239C395AB}.Release|x64.Build.0 = Release|Any CPU
	EndGlobalSection
	GlobalSection(SolutionProperties) = preSolution
		HideSolutionNode = FALSE
	EndGlobalSection
	GlobalSection(ExtensibilityGlobals) = postSolution
		SolutionGuid = {F3260D1D-60EA-404E-9CAE-57D272CE873E}
	EndGlobalSection
EndGlobal
